Microsoft Visual Studio Solution File, Format Version 12.00
# Visual Studio 2012
Project("{FAE04EC0-301F-11D3-BF4B-00C04F79EFBC}") = "Nucleus", "Nucleus.csproj", "{9FFBE1A0-0BFF-4EBF-AADB-A645B0B4FAFA}"
EndProject
Global
	GlobalSection(SolutionConfigurationPlatforms) = preSolution
	Debug|Any CPU = Debug|Any CPU
	ExportDebug|Any CPU = ExportDebug|Any CPU
	ExportRelease|Any CPU = ExportRelease|Any CPU
	EndGlobalSection
	GlobalSection(ProjectConfigurationPlatforms) = postSolution
		{9FFBE1A0-0BFF-4EBF-AADB-A645B0B4FAFA}.Debug|Any CPU.ActiveCfg = Debug|Any CPU
		{9FFBE1A0-0BFF-4EBF-AADB-A645B0B4FAFA}.Debug|Any CPU.Build.0 = Debug|Any CPU
		{9FFBE1A0-0BFF-4EBF-AADB-A645B0B4FAFA}.ExportDebug|Any CPU.ActiveCfg = ExportDebug|Any CPU
		{9FFBE1A0-0BFF-4EBF-AADB-A645B0B4FAFA}.ExportDebug|Any CPU.Build.0 = ExportDebug|Any CPU
		{9FFBE1A0-0BFF-4EBF-AADB-A645B0B4FAFA}.ExportRelease|Any CPU.ActiveCfg = ExportRelease|Any CPU
		{9FFBE1A0-0BFF-4EBF-AADB-A645B0B4FAFA}.ExportRelease|Any CPU.Build.0 = ExportRelease|Any CPU
	EndGlobalSection
EndGlobal
